
Microsoft Visual Studio Solution File, Format Version 11.00
# Visual Studio 2010
Project("{FAE04EC0-301F-11D3-BF4B-00C04F79EFBC}") = "Assembly-CSharp", "Assembly-CSharp.csproj", "{8620ADA5-CC41-EA69-F362-5F7C1F35C3C8}"
EndProject
Project("{FAE04EC0-301F-11D3-BF4B-00C04F79EFBC}") = "Assembly-CSharp-Editor", "Assembly-CSharp-Editor.csproj", "{2E400C70-F44B-1C55-3C23-F704C67D8FC2}"
EndProject
Global
	GlobalSection(SolutionConfigurationPlatforms) = preSolution
		Debug|Any CPU = Debug|Any CPU
		Release|Any CPU = Release|Any CPU
	EndGlobalSection
	GlobalSection(ProjectConfigurationPlatforms) = postSolution
		{8620ADA5-CC41-EA69-F362-5F7C1F35C3C8}.Debug|Any CPU.ActiveCfg = Debug|Any CPU
		{8620ADA5-CC41-EA69-F362-5F7C1F35C3C8}.Debug|Any CPU.Build.0 = Debug|Any CPU
		{8620ADA5-CC41-EA69-F362-5F7C1F35C3C8}.Release|Any CPU.ActiveCfg = Release|Any CPU
		{8620ADA5-CC41-EA69-F362-5F7C1F35C3C8}.Release|Any CPU.Build.0 = Release|Any CPU
		{2E400C70-F44B-1C55-3C23-F704C67D8FC2}.Debug|Any CPU.ActiveCfg = Debug|Any CPU
		{2E400C70-F44B-1C55-3C23-F704C67D8FC2}.Debug|Any CPU.Build.0 = Debug|Any CPU
		{2E400C70-F44B-1C55-3C23-F704C67D8FC2}.Release|Any CPU.ActiveCfg = Release|Any CPU
		{2E400C70-F44B-1C55-3C23-F704C67D8FC2}.Release|Any CPU.Build.0 = Release|Any CPU
	EndGlobalSection
	GlobalSection(SolutionProperties) = preSolution
		HideSolutionNode = FALSE
	EndGlobalSection
	GlobalSection(MonoDevelopProperties) = preSolution
		StartupItem = Assembly-CSharp.csproj
	EndGlobalSection
EndGlobal
