
Microsoft Visual Studio Solution File, Format Version 12.00
# Visual Studio 2017
Project("{FAE04EC0-301F-11D3-BF4B-00C04F79EFBC}") = "ArucoUnity", "ArucoUnity.csproj", "{DF8C363E-9189-BE3F-CC58-F45623E9217A}"
EndProject
Project("{FAE04EC0-301F-11D3-BF4B-00C04F79EFBC}") = "ArucoUnity.Editor", "ArucoUnity.Editor.csproj", "{D0E49199-C143-EDFC-AC89-62E94AD9FAA0}"
EndProject
Global
	GlobalSection(SolutionConfigurationPlatforms) = preSolution
		Debug|Any CPU = Debug|Any CPU
		Release|Any CPU = Release|Any CPU
	EndGlobalSection
	GlobalSection(ProjectConfigurationPlatforms) = postSolution
		{DF8C363E-9189-BE3F-CC58-F45623E9217A}.Debug|Any CPU.ActiveCfg = Debug|Any CPU
		{DF8C363E-9189-BE3F-CC58-F45623E9217A}.Debug|Any CPU.Build.0 = Debug|Any CPU
		{DF8C363E-9189-BE3F-CC58-F45623E9217A}.Release|Any CPU.ActiveCfg = Release|Any CPU
		{DF8C363E-9189-BE3F-CC58-F45623E9217A}.Release|Any CPU.Build.0 = Release|Any CPU
		{D0E49199-C143-EDFC-AC89-62E94AD9FAA0}.Debug|Any CPU.ActiveCfg = Debug|Any CPU
		{D0E49199-C143-EDFC-AC89-62E94AD9FAA0}.Debug|Any CPU.Build.0 = Debug|Any CPU
		{D0E49199-C143-EDFC-AC89-62E94AD9FAA0}.Release|Any CPU.ActiveCfg = Release|Any CPU
		{D0E49199-C143-EDFC-AC89-62E94AD9FAA0}.Release|Any CPU.Build.0 = Release|Any CPU
	EndGlobalSection
	GlobalSection(SolutionProperties) = preSolution
		HideSolutionNode = FALSE
	EndGlobalSection
EndGlobal
